Microsoft Visual Studio Solution File, Format Version 7.00
Project("{F184B08F-C81C-45F6-A57F-5ABD9991F28F}") = "COMSimple", "COMSimple.vbproj", "{88BE6135-A765-40A1-884E-4272F7DA4B90}"
EndProject
Global
	GlobalSection(SolutionConfiguration) = preSolution
		ConfigName.0 = Debug
		ConfigName.1 = Release
	EndGlobalSection
	GlobalSection(ProjectDependencies) = postSolution
	EndGlobalSection
	GlobalSection(ProjectConfiguration) = postSolution
		{88BE6135-A765-40A1-884E-4272F7DA4B90}.Debug.ActiveCfg = Debug|.NET
		{88BE6135-A765-40A1-884E-4272F7DA4B90}.Debug.Build.0 = Debug|.NET
		{88BE6135-A765-40A1-884E-4272F7DA4B90}.Release.ActiveCfg = Release|.NET
		{88BE6135-A765-40A1-884E-4272F7DA4B90}.Release.Build.0 = Release|.NET
	EndGlobalSection
	GlobalSection(ExtensibilityGlobals) = postSolution
	EndGlobalSection
	GlobalSection(ExtensibilityAddIns) = postSolution
	EndGlobalSection
EndGlobal
