Microsoft Visual Studio Solution File, Format Version 7.00
Project("{FAE04EC0-301F-11D3-BF4B-00C04F79EFBC}") = "AuthClassLibrary", "AuthClassLibrary.csproj", "{CCB63FC4-EFE9-4F94-8786-759AA48DCCC8}"
EndProject
Project("{FAE04EC0-301F-11D3-BF4B-00C04F79EFBC}") = "Auth", "..\Auth.csproj", "{27F22BC9-D07C-4FD2-B360-5233F14B6E8C}"
EndProject
Project("{FAE04EC0-301F-11D3-BF4B-00C04F79EFBC}") = "XmlHierarchy", "..\..\XmlHierarchy\XmlHierarchy.csproj", "{7DC194CF-78CF-4057-B5EC-D6CA2D94ECCE}"
EndProject
Global
	GlobalSection(SolutionConfiguration) = preSolution
		ConfigName.0 = Debug
		ConfigName.1 = Release
	EndGlobalSection
	GlobalSection(ProjectDependencies) = postSolution
		{27F22BC9-D07C-4FD2-B360-5233F14B6E8C}.0 = {CCB63FC4-EFE9-4F94-8786-759AA48DCCC8}
		{7DC194CF-78CF-4057-B5EC-D6CA2D94ECCE}.0 = {CCB63FC4-EFE9-4F94-8786-759AA48DCCC8}
	EndGlobalSection
	GlobalSection(ProjectConfiguration) = postSolution
		{CCB63FC4-EFE9-4F94-8786-759AA48DCCC8}.Debug.ActiveCfg = Debug|.NET
		{CCB63FC4-EFE9-4F94-8786-759AA48DCCC8}.Debug.Build.0 = Debug|.NET
		{CCB63FC4-EFE9-4F94-8786-759AA48DCCC8}.Release.ActiveCfg = Release|.NET
		{CCB63FC4-EFE9-4F94-8786-759AA48DCCC8}.Release.Build.0 = Release|.NET
		{27F22BC9-D07C-4FD2-B360-5233F14B6E8C}.Debug.ActiveCfg = Debug|.NET
		{27F22BC9-D07C-4FD2-B360-5233F14B6E8C}.Debug.Build.0 = Debug|.NET
		{27F22BC9-D07C-4FD2-B360-5233F14B6E8C}.Release.ActiveCfg = Release|.NET
		{27F22BC9-D07C-4FD2-B360-5233F14B6E8C}.Release.Build.0 = Release|.NET
		{7DC194CF-78CF-4057-B5EC-D6CA2D94ECCE}.Debug.ActiveCfg = Debug|.NET
		{7DC194CF-78CF-4057-B5EC-D6CA2D94ECCE}.Debug.Build.0 = Debug|.NET
		{7DC194CF-78CF-4057-B5EC-D6CA2D94ECCE}.Release.ActiveCfg = Release|.NET
		{7DC194CF-78CF-4057-B5EC-D6CA2D94ECCE}.Release.Build.0 = Release|.NET
	EndGlobalSection
	GlobalSection(ExtensibilityGlobals) = postSolution
	EndGlobalSection
	GlobalSection(ExtensibilityAddIns) = postSolution
	EndGlobalSection
EndGlobal
