Microsoft Visual Studio Solution File, Format Version 11.00
# Visual Studio 2010
Project("{2150E333-8FDC-42A3-9474-1A3956D46DE8}") = "MetraTech.Core", "MetraTech.Core", "{9435E791-9AEF-448C-9003-25D7AE18F4A0}"
EndProject
Project("{2150E333-8FDC-42A3-9474-1A3956D46DE8}") = "MetraTech.Approvals", "MetraTech.Approvals", "{DE5716B2-FBD1-4D1F-AC44-2FCC77128E12}"
EndProject
Project("{FAE04EC0-301F-11D3-BF4B-00C04F79EFBC}") = "MetraTech.Core.Services", "..\Core\Services\MetraTech.Core.Services.csproj", "{65B81F93-929C-4AE5-B4E7-18DA882E1DA5}"
EndProject
Project("{FAE04EC0-301F-11D3-BF4B-00C04F79EFBC}") = "MetraTech.DomainModel.BaseTypes", "..\DomainModel\BaseTypes\MetraTech.DomainModel.BaseTypes.csproj", "{433B0483-4990-476C-BA07-FABF884D12CB}"
EndProject
Project("{FAE04EC0-301F-11D3-BF4B-00C04F79EFBC}") = "MetraTech.Auth.Capabilities", "..\Auth\Capabilities\MetraTech.Auth.Capabilities.csproj", "{D7160CE5-FEF9-40CE-93EA-F3699098BDD0}"
EndProject
Project("{FAE04EC0-301F-11D3-BF4B-00C04F79EFBC}") = "MetraTech.ActivityServices.Common", "..\ActivityServices\Common\MetraTech.ActivityServices.Common.csproj", "{E80F2D42-759F-4B7D-95C6-D04C1500569F}"
EndProject
Project("{FAE04EC0-301F-11D3-BF4B-00C04F79EFBC}") = "MetraTech.Basic", "..\Basic\MetraTech.Basic.csproj", "{B0909156-962B-4C97-AB1C-4073E3DA6DC1}"
EndProject
Project("{FAE04EC0-301F-11D3-BF4B-00C04F79EFBC}") = "MetraTech.Common", "..\MetraTech.Common.csproj", "{F03EF01B-1630-428C-B6B5-A7648D1ACE2C}"
EndProject
Project("{FAE04EC0-301F-11D3-BF4B-00C04F79EFBC}") = "MetraTech.DataAccess", "..\DataAccess\MetraTech.DataAccess.csproj", "{1B40F4E4-8DDC-43E0-BE45-959BEE94422F}"
EndProject
Project("{2150E333-8FDC-42A3-9474-1A3956D46DE8}") = "Dependencies", "Dependencies", "{E6977DF2-D1C3-4AB5-8EAC-D56BF76F6EEE}"
EndProject
Project("{FAE04EC0-301F-11D3-BF4B-00C04F79EFBC}") = "MetraTech.ActivityServices.Service", "..\ActivityServices\Service\MetraTech.ActivityServices.Service.csproj", "{BD540C48-90C7-4929-807A-2FC913948BE8}"
EndProject
Project("{FAE04EC0-301F-11D3-BF4B-00C04F79EFBC}") = "MetraTech.ActivityServices.Services.Common", "..\ActivityServices\ServiceBase\MetraTech.ActivityServices.Services.Common.csproj", "{15E6CE39-F476-4ACD-B73D-BFCAAE218CB2}"
EndProject
Project("{FAE04EC0-301F-11D3-BF4B-00C04F79EFBC}") = "MetraTech.Xml", "..\Xml\MetraTech.Xml.csproj", "{7D9556DF-CB87-458A-B66B-F5DD5B7C384E}"
EndProject
Project("{FAE04EC0-301F-11D3-BF4B-00C04F79EFBC}") = "MetraTech.Approvals.Test", "U:\MetraTech\Approvals\MetraTech.Approvals.Test.csproj", "{9F72B8F8-BBEE-4AD5-AB6C-E67C0528254E}"
EndProject
Project("{FAE04EC0-301F-11D3-BF4B-00C04F79EFBC}") = "MetraTech.Approvals", "..\Approvals\MetraTech.Approvals.csproj", "{AB9BE17B-FA71-4515-8F9C-86FFF41362EA}"
EndProject
Project("{2150E333-8FDC-42A3-9474-1A3956D46DE8}") = "MetraTech.Quoting", "MetraTech.Quoting", "{8A53BEBA-F1E9-4653-BE3E-7E130812087E}"
EndProject
Project("{FAE04EC0-301F-11D3-BF4B-00C04F79EFBC}") = "MetraTech.Quoting", "MetraTech.Quoting.csproj", "{C4914DDD-93C8-475F-B5DB-1CDB6C8ECA17}"
EndProject
Project("{FAE04EC0-301F-11D3-BF4B-00C04F79EFBC}") = "MetraTech.Quoting.Test", "C:\dev\MetraNet\RMP\Extensions\FunctionalTests_Internal\MetraTech\Quoting\MetraTech.Quoting.Test.csproj", "{42857A3C-817A-4E05-8DEA-E78385BFE2DA}"
EndProject
Project("{FAE04EC0-301F-11D3-BF4B-00C04F79EFBC}") = "MetraTech.Pipeline.Rerun", "..\Pipeline\ReRun\MetraTech.Pipeline.Rerun.csproj", "{BC2DC75E-9076-45AE-B592-7EBE2AB11BA7}"
EndProject
Project("{FAE04EC0-301F-11D3-BF4B-00C04F79EFBC}") = "MetraTech.TestCommon", "..\TestCommon\MetraTech.TestCommon.csproj", "{20307E5D-BFC9-4F27-9ECC-A61EE854E8B5}"
EndProject
Project("{2150E333-8FDC-42A3-9474-1A3956D46DE8}") = "Solution Items", "Solution Items", "{FBCC3428-9D45-4716-B529-95C3B6543839}"
	ProjectSection(SolutionItems) = preProject
		Local.testsettings = Local.testsettings
		MetraTech.Quoting.vsmdi = MetraTech.Quoting.vsmdi
	EndProjectSection
EndProject
Project("{FAE04EC0-301F-11D3-BF4B-00C04F79EFBC}") = "MetraTech.Quoting.Test.ConsoleForTesting", "C:\dev\MetraNet\RMP\Extensions\Legacy_Internal\PrototypeCode\QuotingTestConsole\QuotingConsoleForTesting\MetraTech.Quoting.Test.ConsoleForTesting.csproj", "{DABA4CDB-2CD3-466C-AD17-F24685BDE517}"
EndProject
Project("{FAE04EC0-301F-11D3-BF4B-00C04F79EFBC}") = "MetraTech.Quoting.Test.ConsoleForTestingCrystal", "C:\dev\MetraNet\RMP\Extensions\Legacy_Internal\PrototypeCode\QuotingTestConsole\QuotingConsoleForTestingCrystal\MetraTech.Quoting.Test.ConsoleForTestingCrystal.csproj", "{151A8A2D-445D-40EF-A2F0-7CCD4CB57F79}"
EndProject
Project("{FAE04EC0-301F-11D3-BF4B-00C04F79EFBC}") = "MetraTech.DomainModel.ProductCatalog", "..\DomainModel\ProductCatalog\MetraTech.DomainModel.ProductCatalog.csproj", "{43A73CF5-A0CC-431F-B626-E88904600162}"
EndProject
Project("{2150E333-8FDC-42A3-9474-1A3956D46DE8}") = "MetraTech.Reports", "MetraTech.Reports", "{F36E0B7A-D401-40AC-AAEB-EC9B19077296}"
EndProject
Project("{FAE04EC0-301F-11D3-BF4B-00C04F79EFBC}") = "MetraTech.Reports.CrystalEnterprise", "..\Reports\CrystalEnterprise\MetraTech.Reports.CrystalEnterprise.csproj", "{E6F85B9C-27EB-4261-A723-52C7A0483493}"
EndProject
Project("{FAE04EC0-301F-11D3-BF4B-00C04F79EFBC}") = "MetraTech.Reports", "..\Reports\MetraTech.Reports.csproj", "{BFC88ECC-C3C1-4736-95D6-B772441CCF4A}"
EndProject
Project("{2150E333-8FDC-42A3-9474-1A3956D46DE8}") = "MetraTEch.Domain", "MetraTEch.Domain", "{9900F7CA-927A-4F12-BD99-30EA0177F2A5}"
EndProject
Project("{2150E333-8FDC-42A3-9474-1A3956D46DE8}") = "MetraTech.DomainModel", "MetraTech.DomainModel", "{E3C50950-0F48-4A83-9099-551AA7A881AE}"
EndProject
Project("{FAE04EC0-301F-11D3-BF4B-00C04F79EFBC}") = "MetraTech.Domain", "..\MetraTech.Domain\MetraTech.Domain.csproj", "{9C9C685C-CBF8-428F-8C34-98702FF13726}"
EndProject
Project("{FAE04EC0-301F-11D3-BF4B-00C04F79EFBC}") = "MetraTech.DomainModel.Common", "..\DomainModel\Common\MetraTech.DomainModel.Common.csproj", "{E21F8EE1-FA01-465E-B651-A21CC2E1D6AA}"
EndProject
Project("{FAE04EC0-301F-11D3-BF4B-00C04F79EFBC}") = "MetraTech.DomainModel.Enums", "..\DomainModel\Enums\MetraTech.DomainModel.Enums.csproj", "{C36E2EB0-9715-48BB-81F4-6228C917E071}"
EndProject
Project("{FAE04EC0-301F-11D3-BF4B-00C04F79EFBC}") = "MetraTech.Domain.Test", "..\MetraTech.Domain.Test\MetraTech.Domain.Test.csproj", "{C9D05D42-B0FB-47FE-8E00-FBB99AFB3EC3}"
EndProject
Global
	GlobalSection(TestCaseManagementSettings) = postSolution
		CategoryFile = MetraTech.Quoting.vsmdi
	EndGlobalSection
	GlobalSection(SolutionConfigurationPlatforms) = preSolution
		Debug|.NET = Debug|.NET
		Debug|Any CPU = Debug|Any CPU
		Debug|Mixed Platforms = Debug|Mixed Platforms
		Debug|x86 = Debug|x86
		DebugcoreQA|.NET = DebugcoreQA|.NET
		DebugcoreQA|Any CPU = DebugcoreQA|Any CPU
		DebugcoreQA|Mixed Platforms = DebugcoreQA|Mixed Platforms
		DebugcoreQA|x86 = DebugcoreQA|x86
		Release|.NET = Release|.NET
		Release|Any CPU = Release|Any CPU
		Release|Mixed Platforms = Release|Mixed Platforms
		Release|x86 = Release|x86
	EndGlobalSection
	GlobalSection(ProjectConfigurationPlatforms) = postSolution
		{65B81F93-929C-4AE5-B4E7-18DA882E1DA5}.Debug|.NET.ActiveCfg = Debug|x86
		{65B81F93-929C-4AE5-B4E7-18DA882E1DA5}.Debug|Any CPU.ActiveCfg = Debug|x86
		{65B81F93-929C-4AE5-B4E7-18DA882E1DA5}.Debug|Mixed Platforms.ActiveCfg = Debug|x86
		{65B81F93-929C-4AE5-B4E7-18DA882E1DA5}.Debug|Mixed Platforms.Build.0 = Debug|x86
		{65B81F93-929C-4AE5-B4E7-18DA882E1DA5}.Debug|x86.ActiveCfg = Debug|x86
		{65B81F93-929C-4AE5-B4E7-18DA882E1DA5}.Debug|x86.Build.0 = Debug|x86
		{65B81F93-929C-4AE5-B4E7-18DA882E1DA5}.DebugcoreQA|.NET.ActiveCfg = Debug|x86
		{65B81F93-929C-4AE5-B4E7-18DA882E1DA5}.DebugcoreQA|Any CPU.ActiveCfg = Debug|x86
		{65B81F93-929C-4AE5-B4E7-18DA882E1DA5}.DebugcoreQA|Mixed Platforms.ActiveCfg = Debug|x86
		{65B81F93-929C-4AE5-B4E7-18DA882E1DA5}.DebugcoreQA|Mixed Platforms.Build.0 = Debug|x86
		{65B81F93-929C-4AE5-B4E7-18DA882E1DA5}.DebugcoreQA|x86.ActiveCfg = Debug|x86
		{65B81F93-929C-4AE5-B4E7-18DA882E1DA5}.DebugcoreQA|x86.Build.0 = Debug|x86
		{65B81F93-929C-4AE5-B4E7-18DA882E1DA5}.Release|.NET.ActiveCfg = Release|x86
		{65B81F93-929C-4AE5-B4E7-18DA882E1DA5}.Release|Any CPU.ActiveCfg = Release|x86
		{65B81F93-929C-4AE5-B4E7-18DA882E1DA5}.Release|Mixed Platforms.ActiveCfg = Release|x86
		{65B81F93-929C-4AE5-B4E7-18DA882E1DA5}.Release|Mixed Platforms.Build.0 = Release|x86
		{65B81F93-929C-4AE5-B4E7-18DA882E1DA5}.Release|x86.ActiveCfg = Release|x86
		{65B81F93-929C-4AE5-B4E7-18DA882E1DA5}.Release|x86.Build.0 = Release|x86
		{433B0483-4990-476C-BA07-FABF884D12CB}.Debug|.NET.ActiveCfg = Debug|x86
		{433B0483-4990-476C-BA07-FABF884D12CB}.Debug|Any CPU.ActiveCfg = Debug|x86
		{433B0483-4990-476C-BA07-FABF884D12CB}.Debug|Mixed Platforms.ActiveCfg = Debug|x86
		{433B0483-4990-476C-BA07-FABF884D12CB}.Debug|x86.ActiveCfg = Debug|x86
		{433B0483-4990-476C-BA07-FABF884D12CB}.Debug|x86.Build.0 = Debug|x86
		{433B0483-4990-476C-BA07-FABF884D12CB}.DebugcoreQA|.NET.ActiveCfg = Debug|x86
		{433B0483-4990-476C-BA07-FABF884D12CB}.DebugcoreQA|Any CPU.ActiveCfg = Debug|x86
		{433B0483-4990-476C-BA07-FABF884D12CB}.DebugcoreQA|Mixed Platforms.ActiveCfg = Debug|x86
		{433B0483-4990-476C-BA07-FABF884D12CB}.DebugcoreQA|Mixed Platforms.Build.0 = Debug|x86
		{433B0483-4990-476C-BA07-FABF884D12CB}.DebugcoreQA|x86.ActiveCfg = Debug|x86
		{433B0483-4990-476C-BA07-FABF884D12CB}.DebugcoreQA|x86.Build.0 = Debug|x86
		{433B0483-4990-476C-BA07-FABF884D12CB}.Release|.NET.ActiveCfg = Release|x86
		{433B0483-4990-476C-BA07-FABF884D12CB}.Release|Any CPU.ActiveCfg = Release|x86
		{433B0483-4990-476C-BA07-FABF884D12CB}.Release|Mixed Platforms.ActiveCfg = Release|x86
		{433B0483-4990-476C-BA07-FABF884D12CB}.Release|Mixed Platforms.Build.0 = Release|x86
		{433B0483-4990-476C-BA07-FABF884D12CB}.Release|x86.ActiveCfg = Release|x86
		{433B0483-4990-476C-BA07-FABF884D12CB}.Release|x86.Build.0 = Release|x86
		{D7160CE5-FEF9-40CE-93EA-F3699098BDD0}.Debug|.NET.ActiveCfg = Debug|x86
		{D7160CE5-FEF9-40CE-93EA-F3699098BDD0}.Debug|Any CPU.ActiveCfg = Debug|x86
		{D7160CE5-FEF9-40CE-93EA-F3699098BDD0}.Debug|Mixed Platforms.ActiveCfg = Debug|x86
		{D7160CE5-FEF9-40CE-93EA-F3699098BDD0}.Debug|Mixed Platforms.Build.0 = Debug|x86
		{D7160CE5-FEF9-40CE-93EA-F3699098BDD0}.Debug|x86.ActiveCfg = Debug|x86
		{D7160CE5-FEF9-40CE-93EA-F3699098BDD0}.Debug|x86.Build.0 = Debug|x86
		{D7160CE5-FEF9-40CE-93EA-F3699098BDD0}.DebugcoreQA|.NET.ActiveCfg = Debug|x86
		{D7160CE5-FEF9-40CE-93EA-F3699098BDD0}.DebugcoreQA|Any CPU.ActiveCfg = Debug|x86
		{D7160CE5-FEF9-40CE-93EA-F3699098BDD0}.DebugcoreQA|Mixed Platforms.ActiveCfg = Debug|x86
		{D7160CE5-FEF9-40CE-93EA-F3699098BDD0}.DebugcoreQA|Mixed Platforms.Build.0 = Debug|x86
		{D7160CE5-FEF9-40CE-93EA-F3699098BDD0}.DebugcoreQA|x86.ActiveCfg = Debug|x86
		{D7160CE5-FEF9-40CE-93EA-F3699098BDD0}.DebugcoreQA|x86.Build.0 = Debug|x86
		{D7160CE5-FEF9-40CE-93EA-F3699098BDD0}.Release|.NET.ActiveCfg = Release|x86
		{D7160CE5-FEF9-40CE-93EA-F3699098BDD0}.Release|Any CPU.ActiveCfg = Release|x86
		{D7160CE5-FEF9-40CE-93EA-F3699098BDD0}.Release|Mixed Platforms.ActiveCfg = Release|x86
		{D7160CE5-FEF9-40CE-93EA-F3699098BDD0}.Release|Mixed Platforms.Build.0 = Release|x86
		{D7160CE5-FEF9-40CE-93EA-F3699098BDD0}.Release|x86.ActiveCfg = Release|x86
		{D7160CE5-FEF9-40CE-93EA-F3699098BDD0}.Release|x86.Build.0 = Release|x86
		{E80F2D42-759F-4B7D-95C6-D04C1500569F}.Debug|.NET.ActiveCfg = Debug|x86
		{E80F2D42-759F-4B7D-95C6-D04C1500569F}.Debug|Any CPU.ActiveCfg = Debug|x86
		{E80F2D42-759F-4B7D-95C6-D04C1500569F}.Debug|Mixed Platforms.ActiveCfg = Debug|x86
		{E80F2D42-759F-4B7D-95C6-D04C1500569F}.Debug|Mixed Platforms.Build.0 = Debug|x86
		{E80F2D42-759F-4B7D-95C6-D04C1500569F}.Debug|x86.ActiveCfg = Debug|x86
		{E80F2D42-759F-4B7D-95C6-D04C1500569F}.Debug|x86.Build.0 = Debug|x86
		{E80F2D42-759F-4B7D-95C6-D04C1500569F}.DebugcoreQA|.NET.ActiveCfg = Debug|x86
		{E80F2D42-759F-4B7D-95C6-D04C1500569F}.DebugcoreQA|Any CPU.ActiveCfg = Debug|x86
		{E80F2D42-759F-4B7D-95C6-D04C1500569F}.DebugcoreQA|Mixed Platforms.ActiveCfg = Debug|x86
		{E80F2D42-759F-4B7D-95C6-D04C1500569F}.DebugcoreQA|Mixed Platforms.Build.0 = Debug|x86
		{E80F2D42-759F-4B7D-95C6-D04C1500569F}.DebugcoreQA|x86.ActiveCfg = Debug|x86
		{E80F2D42-759F-4B7D-95C6-D04C1500569F}.DebugcoreQA|x86.Build.0 = Debug|x86
		{E80F2D42-759F-4B7D-95C6-D04C1500569F}.Release|.NET.ActiveCfg = Release|x86
		{E80F2D42-759F-4B7D-95C6-D04C1500569F}.Release|Any CPU.ActiveCfg = Release|x86
		{E80F2D42-759F-4B7D-95C6-D04C1500569F}.Release|Mixed Platforms.ActiveCfg = Release|x86
		{E80F2D42-759F-4B7D-95C6-D04C1500569F}.Release|Mixed Platforms.Build.0 = Release|x86
		{E80F2D42-759F-4B7D-95C6-D04C1500569F}.Release|x86.ActiveCfg = Release|x86
		{E80F2D42-759F-4B7D-95C6-D04C1500569F}.Release|x86.Build.0 = Release|x86
		{B0909156-962B-4C97-AB1C-4073E3DA6DC1}.Debug|.NET.ActiveCfg = Debug|x86
		{B0909156-962B-4C97-AB1C-4073E3DA6DC1}.Debug|Any CPU.ActiveCfg = Debug|x86
		{B0909156-962B-4C97-AB1C-4073E3DA6DC1}.Debug|Mixed Platforms.ActiveCfg = Debug|x86
		{B0909156-962B-4C97-AB1C-4073E3DA6DC1}.Debug|Mixed Platforms.Build.0 = Debug|x86
		{B0909156-962B-4C97-AB1C-4073E3DA6DC1}.Debug|x86.ActiveCfg = Debug|x86
		{B0909156-962B-4C97-AB1C-4073E3DA6DC1}.Debug|x86.Build.0 = Debug|x86
		{B0909156-962B-4C97-AB1C-4073E3DA6DC1}.DebugcoreQA|.NET.ActiveCfg = Debug|x86
		{B0909156-962B-4C97-AB1C-4073E3DA6DC1}.DebugcoreQA|Any CPU.ActiveCfg = Debug|x86
		{B0909156-962B-4C97-AB1C-4073E3DA6DC1}.DebugcoreQA|Mixed Platforms.ActiveCfg = Debug|x86
		{B0909156-962B-4C97-AB1C-4073E3DA6DC1}.DebugcoreQA|Mixed Platforms.Build.0 = Debug|x86
		{B0909156-962B-4C97-AB1C-4073E3DA6DC1}.DebugcoreQA|x86.ActiveCfg = Debug|x86
		{B0909156-962B-4C97-AB1C-4073E3DA6DC1}.DebugcoreQA|x86.Build.0 = Debug|x86
		{B0909156-962B-4C97-AB1C-4073E3DA6DC1}.Release|.NET.ActiveCfg = Release|x86
		{B0909156-962B-4C97-AB1C-4073E3DA6DC1}.Release|Any CPU.ActiveCfg = Release|x86
		{B0909156-962B-4C97-AB1C-4073E3DA6DC1}.Release|Mixed Platforms.ActiveCfg = Release|x86
		{B0909156-962B-4C97-AB1C-4073E3DA6DC1}.Release|Mixed Platforms.Build.0 = Release|x86
		{B0909156-962B-4C97-AB1C-4073E3DA6DC1}.Release|x86.ActiveCfg = Release|x86
		{B0909156-962B-4C97-AB1C-4073E3DA6DC1}.Release|x86.Build.0 = Release|x86
		{F03EF01B-1630-428C-B6B5-A7648D1ACE2C}.Debug|.NET.ActiveCfg = Debug|x86
		{F03EF01B-1630-428C-B6B5-A7648D1ACE2C}.Debug|Any CPU.ActiveCfg = Debug|x86
		{F03EF01B-1630-428C-B6B5-A7648D1ACE2C}.Debug|Mixed Platforms.ActiveCfg = Debug|x86
		{F03EF01B-1630-428C-B6B5-A7648D1ACE2C}.Debug|Mixed Platforms.Build.0 = Debug|x86
		{F03EF01B-1630-428C-B6B5-A7648D1ACE2C}.Debug|x86.ActiveCfg = Debug|x86
		{F03EF01B-1630-428C-B6B5-A7648D1ACE2C}.Debug|x86.Build.0 = Debug|x86
		{F03EF01B-1630-428C-B6B5-A7648D1ACE2C}.DebugcoreQA|.NET.ActiveCfg = Debug|x86
		{F03EF01B-1630-428C-B6B5-A7648D1ACE2C}.DebugcoreQA|Any CPU.ActiveCfg = Debug|x86
		{F03EF01B-1630-428C-B6B5-A7648D1ACE2C}.DebugcoreQA|Mixed Platforms.ActiveCfg = Debug|x86
		{F03EF01B-1630-428C-B6B5-A7648D1ACE2C}.DebugcoreQA|Mixed Platforms.Build.0 = Debug|x86
		{F03EF01B-1630-428C-B6B5-A7648D1ACE2C}.DebugcoreQA|x86.ActiveCfg = Debug|x86
		{F03EF01B-1630-428C-B6B5-A7648D1ACE2C}.DebugcoreQA|x86.Build.0 = Debug|x86
		{F03EF01B-1630-428C-B6B5-A7648D1ACE2C}.Release|.NET.ActiveCfg = Release|x86
		{F03EF01B-1630-428C-B6B5-A7648D1ACE2C}.Release|Any CPU.ActiveCfg = Release|x86
		{F03EF01B-1630-428C-B6B5-A7648D1ACE2C}.Release|Mixed Platforms.ActiveCfg = Release|x86
		{F03EF01B-1630-428C-B6B5-A7648D1ACE2C}.Release|Mixed Platforms.Build.0 = Release|x86
		{F03EF01B-1630-428C-B6B5-A7648D1ACE2C}.Release|x86.ActiveCfg = Release|x86
		{F03EF01B-1630-428C-B6B5-A7648D1ACE2C}.Release|x86.Build.0 = Release|x86
		{1B40F4E4-8DDC-43E0-BE45-959BEE94422F}.Debug|.NET.ActiveCfg = Debug|x86
		{1B40F4E4-8DDC-43E0-BE45-959BEE94422F}.Debug|Any CPU.ActiveCfg = Debug|x86
		{1B40F4E4-8DDC-43E0-BE45-959BEE94422F}.Debug|Mixed Platforms.ActiveCfg = Debug|x86
		{1B40F4E4-8DDC-43E0-BE45-959BEE94422F}.Debug|Mixed Platforms.Build.0 = Debug|x86
		{1B40F4E4-8DDC-43E0-BE45-959BEE94422F}.Debug|x86.ActiveCfg = Debug|x86
		{1B40F4E4-8DDC-43E0-BE45-959BEE94422F}.Debug|x86.Build.0 = Debug|x86
		{1B40F4E4-8DDC-43E0-BE45-959BEE94422F}.DebugcoreQA|.NET.ActiveCfg = Debug|x86
		{1B40F4E4-8DDC-43E0-BE45-959BEE94422F}.DebugcoreQA|Any CPU.ActiveCfg = Debug|x86
		{1B40F4E4-8DDC-43E0-BE45-959BEE94422F}.DebugcoreQA|Mixed Platforms.ActiveCfg = Debug|x86
		{1B40F4E4-8DDC-43E0-BE45-959BEE94422F}.DebugcoreQA|Mixed Platforms.Build.0 = Debug|x86
		{1B40F4E4-8DDC-43E0-BE45-959BEE94422F}.DebugcoreQA|x86.ActiveCfg = Debug|x86
		{1B40F4E4-8DDC-43E0-BE45-959BEE94422F}.DebugcoreQA|x86.Build.0 = Debug|x86
		{1B40F4E4-8DDC-43E0-BE45-959BEE94422F}.Release|.NET.ActiveCfg = Release|x86
		{1B40F4E4-8DDC-43E0-BE45-959BEE94422F}.Release|Any CPU.ActiveCfg = Release|x86
		{1B40F4E4-8DDC-43E0-BE45-959BEE94422F}.Release|Mixed Platforms.ActiveCfg = Release|x86
		{1B40F4E4-8DDC-43E0-BE45-959BEE94422F}.Release|Mixed Platforms.Build.0 = Release|x86
		{1B40F4E4-8DDC-43E0-BE45-959BEE94422F}.Release|x86.ActiveCfg = Release|x86
		{1B40F4E4-8DDC-43E0-BE45-959BEE94422F}.Release|x86.Build.0 = Release|x86
		{BD540C48-90C7-4929-807A-2FC913948BE8}.Debug|.NET.ActiveCfg = Debug|x86
		{BD540C48-90C7-4929-807A-2FC913948BE8}.Debug|Any CPU.ActiveCfg = Debug|x86
		{BD540C48-90C7-4929-807A-2FC913948BE8}.Debug|Mixed Platforms.ActiveCfg = Debug|x86
		{BD540C48-90C7-4929-807A-2FC913948BE8}.Debug|Mixed Platforms.Build.0 = Debug|x86
		{BD540C48-90C7-4929-807A-2FC913948BE8}.Debug|x86.ActiveCfg = Debug|x86
		{BD540C48-90C7-4929-807A-2FC913948BE8}.Debug|x86.Build.0 = Debug|x86
		{BD540C48-90C7-4929-807A-2FC913948BE8}.DebugcoreQA|.NET.ActiveCfg = Debug|x86
		{BD540C48-90C7-4929-807A-2FC913948BE8}.DebugcoreQA|Any CPU.ActiveCfg = Debug|x86
		{BD540C48-90C7-4929-807A-2FC913948BE8}.DebugcoreQA|Mixed Platforms.ActiveCfg = Debug|x86
		{BD540C48-90C7-4929-807A-2FC913948BE8}.DebugcoreQA|Mixed Platforms.Build.0 = Debug|x86
		{BD540C48-90C7-4929-807A-2FC913948BE8}.DebugcoreQA|x86.ActiveCfg = Debug|x86
		{BD540C48-90C7-4929-807A-2FC913948BE8}.DebugcoreQA|x86.Build.0 = Debug|x86
		{BD540C48-90C7-4929-807A-2FC913948BE8}.Release|.NET.ActiveCfg = Release|x86
		{BD540C48-90C7-4929-807A-2FC913948BE8}.Release|Any CPU.ActiveCfg = Release|x86
		{BD540C48-90C7-4929-807A-2FC913948BE8}.Release|Mixed Platforms.ActiveCfg = Release|x86
		{BD540C48-90C7-4929-807A-2FC913948BE8}.Release|Mixed Platforms.Build.0 = Release|x86
		{BD540C48-90C7-4929-807A-2FC913948BE8}.Release|x86.ActiveCfg = Release|x86
		{BD540C48-90C7-4929-807A-2FC913948BE8}.Release|x86.Build.0 = Release|x86
		{15E6CE39-F476-4ACD-B73D-BFCAAE218CB2}.Debug|.NET.ActiveCfg = Debug|x86
		{15E6CE39-F476-4ACD-B73D-BFCAAE218CB2}.Debug|Any CPU.ActiveCfg = Debug|x86
		{15E6CE39-F476-4ACD-B73D-BFCAAE218CB2}.Debug|Mixed Platforms.ActiveCfg = Debug|x86
		{15E6CE39-F476-4ACD-B73D-BFCAAE218CB2}.Debug|Mixed Platforms.Build.0 = Debug|x86
		{15E6CE39-F476-4ACD-B73D-BFCAAE218CB2}.Debug|x86.ActiveCfg = Debug|x86
		{15E6CE39-F476-4ACD-B73D-BFCAAE218CB2}.Debug|x86.Build.0 = Debug|x86
		{15E6CE39-F476-4ACD-B73D-BFCAAE218CB2}.DebugcoreQA|.NET.ActiveCfg = Debug|x86
		{15E6CE39-F476-4ACD-B73D-BFCAAE218CB2}.DebugcoreQA|Any CPU.ActiveCfg = Debug|x86
		{15E6CE39-F476-4ACD-B73D-BFCAAE218CB2}.DebugcoreQA|Mixed Platforms.ActiveCfg = Debug|x86
		{15E6CE39-F476-4ACD-B73D-BFCAAE218CB2}.DebugcoreQA|Mixed Platforms.Build.0 = Debug|x86
		{15E6CE39-F476-4ACD-B73D-BFCAAE218CB2}.DebugcoreQA|x86.ActiveCfg = Debug|x86
		{15E6CE39-F476-4ACD-B73D-BFCAAE218CB2}.DebugcoreQA|x86.Build.0 = Debug|x86
		{15E6CE39-F476-4ACD-B73D-BFCAAE218CB2}.Release|.NET.ActiveCfg = Release|x86
		{15E6CE39-F476-4ACD-B73D-BFCAAE218CB2}.Release|Any CPU.ActiveCfg = Release|x86
		{15E6CE39-F476-4ACD-B73D-BFCAAE218CB2}.Release|Mixed Platforms.ActiveCfg = Release|x86
		{15E6CE39-F476-4ACD-B73D-BFCAAE218CB2}.Release|Mixed Platforms.Build.0 = Release|x86
		{15E6CE39-F476-4ACD-B73D-BFCAAE218CB2}.Release|x86.ActiveCfg = Release|x86
		{15E6CE39-F476-4ACD-B73D-BFCAAE218CB2}.Release|x86.Build.0 = Release|x86
		{7D9556DF-CB87-458A-B66B-F5DD5B7C384E}.Debug|.NET.ActiveCfg = Debug|x86
		{7D9556DF-CB87-458A-B66B-F5DD5B7C384E}.Debug|Any CPU.ActiveCfg = Debug|x86
		{7D9556DF-CB87-458A-B66B-F5DD5B7C384E}.Debug|Mixed Platforms.ActiveCfg = Debug|x86
		{7D9556DF-CB87-458A-B66B-F5DD5B7C384E}.Debug|Mixed Platforms.Build.0 = Debug|x86
		{7D9556DF-CB87-458A-B66B-F5DD5B7C384E}.Debug|x86.ActiveCfg = Debug|x86
		{7D9556DF-CB87-458A-B66B-F5DD5B7C384E}.Debug|x86.Build.0 = Debug|x86
		{7D9556DF-CB87-458A-B66B-F5DD5B7C384E}.DebugcoreQA|.NET.ActiveCfg = Debug|x86
		{7D9556DF-CB87-458A-B66B-F5DD5B7C384E}.DebugcoreQA|Any CPU.ActiveCfg = Debug|x86
		{7D9556DF-CB87-458A-B66B-F5DD5B7C384E}.DebugcoreQA|Mixed Platforms.ActiveCfg = Debug|x86
		{7D9556DF-CB87-458A-B66B-F5DD5B7C384E}.DebugcoreQA|Mixed Platforms.Build.0 = Debug|x86
		{7D9556DF-CB87-458A-B66B-F5DD5B7C384E}.DebugcoreQA|x86.ActiveCfg = Debug|x86
		{7D9556DF-CB87-458A-B66B-F5DD5B7C384E}.DebugcoreQA|x86.Build.0 = Debug|x86
		{7D9556DF-CB87-458A-B66B-F5DD5B7C384E}.Release|.NET.ActiveCfg = Release|x86
		{7D9556DF-CB87-458A-B66B-F5DD5B7C384E}.Release|Any CPU.ActiveCfg = Release|x86
		{7D9556DF-CB87-458A-B66B-F5DD5B7C384E}.Release|Mixed Platforms.ActiveCfg = Release|x86
		{7D9556DF-CB87-458A-B66B-F5DD5B7C384E}.Release|Mixed Platforms.Build.0 = Release|x86
		{7D9556DF-CB87-458A-B66B-F5DD5B7C384E}.Release|x86.ActiveCfg = Release|x86
		{7D9556DF-CB87-458A-B66B-F5DD5B7C384E}.Release|x86.Build.0 = Release|x86
		{9F72B8F8-BBEE-4AD5-AB6C-E67C0528254E}.Debug|.NET.ActiveCfg = Debug|x86
		{9F72B8F8-BBEE-4AD5-AB6C-E67C0528254E}.Debug|Any CPU.ActiveCfg = Debug|x86
		{9F72B8F8-BBEE-4AD5-AB6C-E67C0528254E}.Debug|Mixed Platforms.ActiveCfg = Debug|x86
		{9F72B8F8-BBEE-4AD5-AB6C-E67C0528254E}.Debug|Mixed Platforms.Build.0 = Debug|x86
		{9F72B8F8-BBEE-4AD5-AB6C-E67C0528254E}.Debug|x86.ActiveCfg = Debug|x86
		{9F72B8F8-BBEE-4AD5-AB6C-E67C0528254E}.Debug|x86.Build.0 = Debug|x86
		{9F72B8F8-BBEE-4AD5-AB6C-E67C0528254E}.DebugcoreQA|.NET.ActiveCfg = Debug|x86
		{9F72B8F8-BBEE-4AD5-AB6C-E67C0528254E}.DebugcoreQA|Any CPU.ActiveCfg = Debug|x86
		{9F72B8F8-BBEE-4AD5-AB6C-E67C0528254E}.DebugcoreQA|Mixed Platforms.ActiveCfg = Debug|x86
		{9F72B8F8-BBEE-4AD5-AB6C-E67C0528254E}.DebugcoreQA|Mixed Platforms.Build.0 = Debug|x86
		{9F72B8F8-BBEE-4AD5-AB6C-E67C0528254E}.DebugcoreQA|x86.ActiveCfg = Debug|x86
		{9F72B8F8-BBEE-4AD5-AB6C-E67C0528254E}.DebugcoreQA|x86.Build.0 = Debug|x86
		{9F72B8F8-BBEE-4AD5-AB6C-E67C0528254E}.Release|.NET.ActiveCfg = Release|x86
		{9F72B8F8-BBEE-4AD5-AB6C-E67C0528254E}.Release|Any CPU.ActiveCfg = Release|x86
		{9F72B8F8-BBEE-4AD5-AB6C-E67C0528254E}.Release|Mixed Platforms.ActiveCfg = Release|x86
		{9F72B8F8-BBEE-4AD5-AB6C-E67C0528254E}.Release|Mixed Platforms.Build.0 = Release|x86
		{9F72B8F8-BBEE-4AD5-AB6C-E67C0528254E}.Release|x86.ActiveCfg = Release|x86
		{9F72B8F8-BBEE-4AD5-AB6C-E67C0528254E}.Release|x86.Build.0 = Release|x86
		{AB9BE17B-FA71-4515-8F9C-86FFF41362EA}.Debug|.NET.ActiveCfg = Debug|x86
		{AB9BE17B-FA71-4515-8F9C-86FFF41362EA}.Debug|Any CPU.ActiveCfg = Debug|x86
		{AB9BE17B-FA71-4515-8F9C-86FFF41362EA}.Debug|Mixed Platforms.ActiveCfg = Debug|x86
		{AB9BE17B-FA71-4515-8F9C-86FFF41362EA}.Debug|Mixed Platforms.Build.0 = Debug|x86
		{AB9BE17B-FA71-4515-8F9C-86FFF41362EA}.Debug|x86.ActiveCfg = Debug|x86
		{AB9BE17B-FA71-4515-8F9C-86FFF41362EA}.Debug|x86.Build.0 = Debug|x86
		{AB9BE17B-FA71-4515-8F9C-86FFF41362EA}.DebugcoreQA|.NET.ActiveCfg = Debug|x86
		{AB9BE17B-FA71-4515-8F9C-86FFF41362EA}.DebugcoreQA|Any CPU.ActiveCfg = Debug|x86
		{AB9BE17B-FA71-4515-8F9C-86FFF41362EA}.DebugcoreQA|Mixed Platforms.ActiveCfg = Debug|x86
		{AB9BE17B-FA71-4515-8F9C-86FFF41362EA}.DebugcoreQA|Mixed Platforms.Build.0 = Debug|x86
		{AB9BE17B-FA71-4515-8F9C-86FFF41362EA}.DebugcoreQA|x86.ActiveCfg = Debug|x86
		{AB9BE17B-FA71-4515-8F9C-86FFF41362EA}.DebugcoreQA|x86.Build.0 = Debug|x86
		{AB9BE17B-FA71-4515-8F9C-86FFF41362EA}.Release|.NET.ActiveCfg = Release|x86
		{AB9BE17B-FA71-4515-8F9C-86FFF41362EA}.Release|Any CPU.ActiveCfg = Release|x86
		{AB9BE17B-FA71-4515-8F9C-86FFF41362EA}.Release|Mixed Platforms.ActiveCfg = Release|x86
		{AB9BE17B-FA71-4515-8F9C-86FFF41362EA}.Release|Mixed Platforms.Build.0 = Release|x86
		{AB9BE17B-FA71-4515-8F9C-86FFF41362EA}.Release|x86.ActiveCfg = Release|x86
		{AB9BE17B-FA71-4515-8F9C-86FFF41362EA}.Release|x86.Build.0 = Release|x86
		{C4914DDD-93C8-475F-B5DB-1CDB6C8ECA17}.Debug|.NET.ActiveCfg = Debug|x86
		{C4914DDD-93C8-475F-B5DB-1CDB6C8ECA17}.Debug|Any CPU.ActiveCfg = Debug|x86
		{C4914DDD-93C8-475F-B5DB-1CDB6C8ECA17}.Debug|Mixed Platforms.ActiveCfg = Debug|x86
		{C4914DDD-93C8-475F-B5DB-1CDB6C8ECA17}.Debug|Mixed Platforms.Build.0 = Debug|x86
		{C4914DDD-93C8-475F-B5DB-1CDB6C8ECA17}.Debug|x86.ActiveCfg = Debug|x86
		{C4914DDD-93C8-475F-B5DB-1CDB6C8ECA17}.Debug|x86.Build.0 = Debug|x86
		{C4914DDD-93C8-475F-B5DB-1CDB6C8ECA17}.DebugcoreQA|.NET.ActiveCfg = Debug|x86
		{C4914DDD-93C8-475F-B5DB-1CDB6C8ECA17}.DebugcoreQA|Any CPU.ActiveCfg = Debug|x86
		{C4914DDD-93C8-475F-B5DB-1CDB6C8ECA17}.DebugcoreQA|Mixed Platforms.ActiveCfg = Debug|x86
		{C4914DDD-93C8-475F-B5DB-1CDB6C8ECA17}.DebugcoreQA|Mixed Platforms.Build.0 = Debug|x86
		{C4914DDD-93C8-475F-B5DB-1CDB6C8ECA17}.DebugcoreQA|x86.ActiveCfg = Debug|x86
		{C4914DDD-93C8-475F-B5DB-1CDB6C8ECA17}.DebugcoreQA|x86.Build.0 = Debug|x86
		{C4914DDD-93C8-475F-B5DB-1CDB6C8ECA17}.Release|.NET.ActiveCfg = Release|x86
		{C4914DDD-93C8-475F-B5DB-1CDB6C8ECA17}.Release|Any CPU.ActiveCfg = Release|x86
		{C4914DDD-93C8-475F-B5DB-1CDB6C8ECA17}.Release|Mixed Platforms.ActiveCfg = Release|x86
		{C4914DDD-93C8-475F-B5DB-1CDB6C8ECA17}.Release|Mixed Platforms.Build.0 = Release|x86
		{C4914DDD-93C8-475F-B5DB-1CDB6C8ECA17}.Release|x86.ActiveCfg = Release|x86
		{C4914DDD-93C8-475F-B5DB-1CDB6C8ECA17}.Release|x86.Build.0 = Release|x86
		{42857A3C-817A-4E05-8DEA-E78385BFE2DA}.Debug|.NET.ActiveCfg = Debug|x86
		{42857A3C-817A-4E05-8DEA-E78385BFE2DA}.Debug|Any CPU.ActiveCfg = Debug|x86
		{42857A3C-817A-4E05-8DEA-E78385BFE2DA}.Debug|Mixed Platforms.ActiveCfg = Debug|x86
		{42857A3C-817A-4E05-8DEA-E78385BFE2DA}.Debug|Mixed Platforms.Build.0 = Debug|x86
		{42857A3C-817A-4E05-8DEA-E78385BFE2DA}.Debug|x86.ActiveCfg = Debug|x86
		{42857A3C-817A-4E05-8DEA-E78385BFE2DA}.Debug|x86.Build.0 = Debug|x86
		{42857A3C-817A-4E05-8DEA-E78385BFE2DA}.DebugcoreQA|.NET.ActiveCfg = Debug|x86
		{42857A3C-817A-4E05-8DEA-E78385BFE2DA}.DebugcoreQA|Any CPU.ActiveCfg = Debug|x86
		{42857A3C-817A-4E05-8DEA-E78385BFE2DA}.DebugcoreQA|Mixed Platforms.ActiveCfg = Debug|x86
		{42857A3C-817A-4E05-8DEA-E78385BFE2DA}.DebugcoreQA|Mixed Platforms.Build.0 = Debug|x86
		{42857A3C-817A-4E05-8DEA-E78385BFE2DA}.DebugcoreQA|x86.ActiveCfg = Debug|x86
		{42857A3C-817A-4E05-8DEA-E78385BFE2DA}.DebugcoreQA|x86.Build.0 = Debug|x86
		{42857A3C-817A-4E05-8DEA-E78385BFE2DA}.Release|.NET.ActiveCfg = Release|x86
		{42857A3C-817A-4E05-8DEA-E78385BFE2DA}.Release|Any CPU.ActiveCfg = Release|x86
		{42857A3C-817A-4E05-8DEA-E78385BFE2DA}.Release|Mixed Platforms.ActiveCfg = Release|x86
		{42857A3C-817A-4E05-8DEA-E78385BFE2DA}.Release|Mixed Platforms.Build.0 = Release|x86
		{42857A3C-817A-4E05-8DEA-E78385BFE2DA}.Release|x86.ActiveCfg = Release|x86
		{42857A3C-817A-4E05-8DEA-E78385BFE2DA}.Release|x86.Build.0 = Release|x86
		{BC2DC75E-9076-45AE-B592-7EBE2AB11BA7}.Debug|.NET.ActiveCfg = Debug|x86
		{BC2DC75E-9076-45AE-B592-7EBE2AB11BA7}.Debug|Any CPU.ActiveCfg = Debug|x86
		{BC2DC75E-9076-45AE-B592-7EBE2AB11BA7}.Debug|Mixed Platforms.ActiveCfg = Debug|x86
		{BC2DC75E-9076-45AE-B592-7EBE2AB11BA7}.Debug|Mixed Platforms.Build.0 = Debug|x86
		{BC2DC75E-9076-45AE-B592-7EBE2AB11BA7}.Debug|x86.ActiveCfg = Debug|x86
		{BC2DC75E-9076-45AE-B592-7EBE2AB11BA7}.Debug|x86.Build.0 = Debug|x86
		{BC2DC75E-9076-45AE-B592-7EBE2AB11BA7}.DebugcoreQA|.NET.ActiveCfg = Debug|x86
		{BC2DC75E-9076-45AE-B592-7EBE2AB11BA7}.DebugcoreQA|Any CPU.ActiveCfg = Debug|x86
		{BC2DC75E-9076-45AE-B592-7EBE2AB11BA7}.DebugcoreQA|Mixed Platforms.ActiveCfg = Debug|x86
		{BC2DC75E-9076-45AE-B592-7EBE2AB11BA7}.DebugcoreQA|Mixed Platforms.Build.0 = Debug|x86
		{BC2DC75E-9076-45AE-B592-7EBE2AB11BA7}.DebugcoreQA|x86.ActiveCfg = Debug|x86
		{BC2DC75E-9076-45AE-B592-7EBE2AB11BA7}.DebugcoreQA|x86.Build.0 = Debug|x86
		{BC2DC75E-9076-45AE-B592-7EBE2AB11BA7}.Release|.NET.ActiveCfg = Release|x86
		{BC2DC75E-9076-45AE-B592-7EBE2AB11BA7}.Release|Any CPU.ActiveCfg = Release|x86
		{BC2DC75E-9076-45AE-B592-7EBE2AB11BA7}.Release|Mixed Platforms.ActiveCfg = Release|x86
		{BC2DC75E-9076-45AE-B592-7EBE2AB11BA7}.Release|Mixed Platforms.Build.0 = Release|x86
		{BC2DC75E-9076-45AE-B592-7EBE2AB11BA7}.Release|x86.ActiveCfg = Release|x86
		{BC2DC75E-9076-45AE-B592-7EBE2AB11BA7}.Release|x86.Build.0 = Release|x86
		{20307E5D-BFC9-4F27-9ECC-A61EE854E8B5}.Debug|.NET.ActiveCfg = Debug|x86
		{20307E5D-BFC9-4F27-9ECC-A61EE854E8B5}.Debug|Any CPU.ActiveCfg = Debug|x86
		{20307E5D-BFC9-4F27-9ECC-A61EE854E8B5}.Debug|Mixed Platforms.ActiveCfg = Debug|x86
		{20307E5D-BFC9-4F27-9ECC-A61EE854E8B5}.Debug|Mixed Platforms.Build.0 = Debug|x86
		{20307E5D-BFC9-4F27-9ECC-A61EE854E8B5}.Debug|x86.ActiveCfg = Debug|x86
		{20307E5D-BFC9-4F27-9ECC-A61EE854E8B5}.Debug|x86.Build.0 = Debug|x86
		{20307E5D-BFC9-4F27-9ECC-A61EE854E8B5}.DebugcoreQA|.NET.ActiveCfg = Debug|x86
		{20307E5D-BFC9-4F27-9ECC-A61EE854E8B5}.DebugcoreQA|Any CPU.ActiveCfg = Debug|x86
		{20307E5D-BFC9-4F27-9ECC-A61EE854E8B5}.DebugcoreQA|Mixed Platforms.ActiveCfg = Debug|x86
		{20307E5D-BFC9-4F27-9ECC-A61EE854E8B5}.DebugcoreQA|x86.ActiveCfg = Debug|x86
		{20307E5D-BFC9-4F27-9ECC-A61EE854E8B5}.Release|.NET.ActiveCfg = Release|x86
		{20307E5D-BFC9-4F27-9ECC-A61EE854E8B5}.Release|Any CPU.ActiveCfg = Release|x86
		{20307E5D-BFC9-4F27-9ECC-A61EE854E8B5}.Release|Mixed Platforms.ActiveCfg = Release|x86
		{20307E5D-BFC9-4F27-9ECC-A61EE854E8B5}.Release|x86.ActiveCfg = Release|x86
		{DABA4CDB-2CD3-466C-AD17-F24685BDE517}.Debug|.NET.ActiveCfg = Debug|x86
		{DABA4CDB-2CD3-466C-AD17-F24685BDE517}.Debug|Any CPU.ActiveCfg = Debug|x86
		{DABA4CDB-2CD3-466C-AD17-F24685BDE517}.Debug|Mixed Platforms.ActiveCfg = Debug|x86
		{DABA4CDB-2CD3-466C-AD17-F24685BDE517}.Debug|Mixed Platforms.Build.0 = Debug|x86
		{DABA4CDB-2CD3-466C-AD17-F24685BDE517}.Debug|x86.ActiveCfg = Debug|x86
		{DABA4CDB-2CD3-466C-AD17-F24685BDE517}.Debug|x86.Build.0 = Debug|x86
		{DABA4CDB-2CD3-466C-AD17-F24685BDE517}.DebugcoreQA|.NET.ActiveCfg = Debug|x86
		{DABA4CDB-2CD3-466C-AD17-F24685BDE517}.DebugcoreQA|Any CPU.ActiveCfg = Debug|x86
		{DABA4CDB-2CD3-466C-AD17-F24685BDE517}.DebugcoreQA|Mixed Platforms.ActiveCfg = Debug|x86
		{DABA4CDB-2CD3-466C-AD17-F24685BDE517}.DebugcoreQA|Mixed Platforms.Build.0 = Debug|x86
		{DABA4CDB-2CD3-466C-AD17-F24685BDE517}.DebugcoreQA|x86.ActiveCfg = Debug|x86
		{DABA4CDB-2CD3-466C-AD17-F24685BDE517}.DebugcoreQA|x86.Build.0 = Debug|x86
		{DABA4CDB-2CD3-466C-AD17-F24685BDE517}.Release|.NET.ActiveCfg = Release|x86
		{DABA4CDB-2CD3-466C-AD17-F24685BDE517}.Release|Any CPU.ActiveCfg = Release|x86
		{DABA4CDB-2CD3-466C-AD17-F24685BDE517}.Release|Mixed Platforms.ActiveCfg = Release|x86
		{DABA4CDB-2CD3-466C-AD17-F24685BDE517}.Release|Mixed Platforms.Build.0 = Release|x86
		{DABA4CDB-2CD3-466C-AD17-F24685BDE517}.Release|x86.ActiveCfg = Release|x86
		{DABA4CDB-2CD3-466C-AD17-F24685BDE517}.Release|x86.Build.0 = Release|x86
		{151A8A2D-445D-40EF-A2F0-7CCD4CB57F79}.Debug|.NET.ActiveCfg = Debug|x86
		{151A8A2D-445D-40EF-A2F0-7CCD4CB57F79}.Debug|Any CPU.ActiveCfg = Debug|x86
		{151A8A2D-445D-40EF-A2F0-7CCD4CB57F79}.Debug|Mixed Platforms.ActiveCfg = Debug|x86
		{151A8A2D-445D-40EF-A2F0-7CCD4CB57F79}.Debug|Mixed Platforms.Build.0 = Debug|x86
		{151A8A2D-445D-40EF-A2F0-7CCD4CB57F79}.Debug|x86.ActiveCfg = Debug|x86
		{151A8A2D-445D-40EF-A2F0-7CCD4CB57F79}.Debug|x86.Build.0 = Debug|x86
		{151A8A2D-445D-40EF-A2F0-7CCD4CB57F79}.DebugcoreQA|.NET.ActiveCfg = Debug|x86
		{151A8A2D-445D-40EF-A2F0-7CCD4CB57F79}.DebugcoreQA|Any CPU.ActiveCfg = Debug|x86
		{151A8A2D-445D-40EF-A2F0-7CCD4CB57F79}.DebugcoreQA|Mixed Platforms.ActiveCfg = Debug|x86
		{151A8A2D-445D-40EF-A2F0-7CCD4CB57F79}.DebugcoreQA|Mixed Platforms.Build.0 = Debug|x86
		{151A8A2D-445D-40EF-A2F0-7CCD4CB57F79}.DebugcoreQA|x86.ActiveCfg = Debug|x86
		{151A8A2D-445D-40EF-A2F0-7CCD4CB57F79}.DebugcoreQA|x86.Build.0 = Debug|x86
		{151A8A2D-445D-40EF-A2F0-7CCD4CB57F79}.Release|.NET.ActiveCfg = Release|x86
		{151A8A2D-445D-40EF-A2F0-7CCD4CB57F79}.Release|Any CPU.ActiveCfg = Release|x86
		{151A8A2D-445D-40EF-A2F0-7CCD4CB57F79}.Release|Mixed Platforms.ActiveCfg = Release|x86
		{151A8A2D-445D-40EF-A2F0-7CCD4CB57F79}.Release|Mixed Platforms.Build.0 = Release|x86
		{151A8A2D-445D-40EF-A2F0-7CCD4CB57F79}.Release|x86.ActiveCfg = Release|x86
		{151A8A2D-445D-40EF-A2F0-7CCD4CB57F79}.Release|x86.Build.0 = Release|x86
		{43A73CF5-A0CC-431F-B626-E88904600162}.Debug|.NET.ActiveCfg = Debug|x86
		{43A73CF5-A0CC-431F-B626-E88904600162}.Debug|Any CPU.ActiveCfg = Debug|x86
		{43A73CF5-A0CC-431F-B626-E88904600162}.Debug|Mixed Platforms.ActiveCfg = Debug|x86
		{43A73CF5-A0CC-431F-B626-E88904600162}.Debug|Mixed Platforms.Build.0 = Debug|x86
		{43A73CF5-A0CC-431F-B626-E88904600162}.Debug|x86.ActiveCfg = Debug|x86
		{43A73CF5-A0CC-431F-B626-E88904600162}.Debug|x86.Build.0 = Debug|x86
		{43A73CF5-A0CC-431F-B626-E88904600162}.DebugcoreQA|.NET.ActiveCfg = Debug|x86
		{43A73CF5-A0CC-431F-B626-E88904600162}.DebugcoreQA|Any CPU.ActiveCfg = Debug|x86
		{43A73CF5-A0CC-431F-B626-E88904600162}.DebugcoreQA|Mixed Platforms.ActiveCfg = Debug|x86
		{43A73CF5-A0CC-431F-B626-E88904600162}.DebugcoreQA|Mixed Platforms.Build.0 = Debug|x86
		{43A73CF5-A0CC-431F-B626-E88904600162}.DebugcoreQA|x86.ActiveCfg = Debug|x86
		{43A73CF5-A0CC-431F-B626-E88904600162}.DebugcoreQA|x86.Build.0 = Debug|x86
		{43A73CF5-A0CC-431F-B626-E88904600162}.Release|.NET.ActiveCfg = Release|x86
		{43A73CF5-A0CC-431F-B626-E88904600162}.Release|Any CPU.ActiveCfg = Release|x86
		{43A73CF5-A0CC-431F-B626-E88904600162}.Release|Mixed Platforms.ActiveCfg = Release|x86
		{43A73CF5-A0CC-431F-B626-E88904600162}.Release|Mixed Platforms.Build.0 = Release|x86
		{43A73CF5-A0CC-431F-B626-E88904600162}.Release|x86.ActiveCfg = Release|x86
		{43A73CF5-A0CC-431F-B626-E88904600162}.Release|x86.Build.0 = Release|x86
		{E6F85B9C-27EB-4261-A723-52C7A0483493}.Debug|.NET.ActiveCfg = Debug|x86
		{E6F85B9C-27EB-4261-A723-52C7A0483493}.Debug|Any CPU.ActiveCfg = Debug|x86
		{E6F85B9C-27EB-4261-A723-52C7A0483493}.Debug|Mixed Platforms.ActiveCfg = Debug|x86
		{E6F85B9C-27EB-4261-A723-52C7A0483493}.Debug|Mixed Platforms.Build.0 = Debug|x86
		{E6F85B9C-27EB-4261-A723-52C7A0483493}.Debug|x86.ActiveCfg = Debug|x86
		{E6F85B9C-27EB-4261-A723-52C7A0483493}.Debug|x86.Build.0 = Debug|x86
		{E6F85B9C-27EB-4261-A723-52C7A0483493}.DebugcoreQA|.NET.ActiveCfg = Debug|x86
		{E6F85B9C-27EB-4261-A723-52C7A0483493}.DebugcoreQA|Any CPU.ActiveCfg = Debug|x86
		{E6F85B9C-27EB-4261-A723-52C7A0483493}.DebugcoreQA|Mixed Platforms.ActiveCfg = Debug|x86
		{E6F85B9C-27EB-4261-A723-52C7A0483493}.DebugcoreQA|Mixed Platforms.Build.0 = Debug|x86
		{E6F85B9C-27EB-4261-A723-52C7A0483493}.DebugcoreQA|x86.ActiveCfg = Debug|x86
		{E6F85B9C-27EB-4261-A723-52C7A0483493}.DebugcoreQA|x86.Build.0 = Debug|x86
		{E6F85B9C-27EB-4261-A723-52C7A0483493}.Release|.NET.ActiveCfg = Release|x86
		{E6F85B9C-27EB-4261-A723-52C7A0483493}.Release|Any CPU.ActiveCfg = Release|x86
		{E6F85B9C-27EB-4261-A723-52C7A0483493}.Release|Mixed Platforms.ActiveCfg = Release|x86
		{E6F85B9C-27EB-4261-A723-52C7A0483493}.Release|Mixed Platforms.Build.0 = Release|x86
		{E6F85B9C-27EB-4261-A723-52C7A0483493}.Release|x86.ActiveCfg = Release|x86
		{E6F85B9C-27EB-4261-A723-52C7A0483493}.Release|x86.Build.0 = Release|x86
		{BFC88ECC-C3C1-4736-95D6-B772441CCF4A}.Debug|.NET.ActiveCfg = Debug|x86
		{BFC88ECC-C3C1-4736-95D6-B772441CCF4A}.Debug|Any CPU.ActiveCfg = Debug|x86
		{BFC88ECC-C3C1-4736-95D6-B772441CCF4A}.Debug|Mixed Platforms.ActiveCfg = Debug|x86
		{BFC88ECC-C3C1-4736-95D6-B772441CCF4A}.Debug|Mixed Platforms.Build.0 = Debug|x86
		{BFC88ECC-C3C1-4736-95D6-B772441CCF4A}.Debug|x86.ActiveCfg = Debug|x86
		{BFC88ECC-C3C1-4736-95D6-B772441CCF4A}.Debug|x86.Build.0 = Debug|x86
		{BFC88ECC-C3C1-4736-95D6-B772441CCF4A}.DebugcoreQA|.NET.ActiveCfg = Debug|x86
		{BFC88ECC-C3C1-4736-95D6-B772441CCF4A}.DebugcoreQA|Any CPU.ActiveCfg = Debug|x86
		{BFC88ECC-C3C1-4736-95D6-B772441CCF4A}.DebugcoreQA|Mixed Platforms.ActiveCfg = Debug|x86
		{BFC88ECC-C3C1-4736-95D6-B772441CCF4A}.DebugcoreQA|Mixed Platforms.Build.0 = Debug|x86
		{BFC88ECC-C3C1-4736-95D6-B772441CCF4A}.DebugcoreQA|x86.ActiveCfg = Debug|x86
		{BFC88ECC-C3C1-4736-95D6-B772441CCF4A}.DebugcoreQA|x86.Build.0 = Debug|x86
		{BFC88ECC-C3C1-4736-95D6-B772441CCF4A}.Release|.NET.ActiveCfg = Release|x86
		{BFC88ECC-C3C1-4736-95D6-B772441CCF4A}.Release|Any CPU.ActiveCfg = Release|x86
		{BFC88ECC-C3C1-4736-95D6-B772441CCF4A}.Release|Mixed Platforms.ActiveCfg = Release|x86
		{BFC88ECC-C3C1-4736-95D6-B772441CCF4A}.Release|Mixed Platforms.Build.0 = Release|x86
		{BFC88ECC-C3C1-4736-95D6-B772441CCF4A}.Release|x86.ActiveCfg = Release|x86
		{BFC88ECC-C3C1-4736-95D6-B772441CCF4A}.Release|x86.Build.0 = Release|x86
		{9C9C685C-CBF8-428F-8C34-98702FF13726}.Debug|.NET.ActiveCfg = Debug|x86
		{9C9C685C-CBF8-428F-8C34-98702FF13726}.Debug|Any CPU.ActiveCfg = Debug|x86
		{9C9C685C-CBF8-428F-8C34-98702FF13726}.Debug|Mixed Platforms.ActiveCfg = Debug|x86
		{9C9C685C-CBF8-428F-8C34-98702FF13726}.Debug|Mixed Platforms.Build.0 = Debug|x86
		{9C9C685C-CBF8-428F-8C34-98702FF13726}.Debug|x86.ActiveCfg = Debug|x86
		{9C9C685C-CBF8-428F-8C34-98702FF13726}.Debug|x86.Build.0 = Debug|x86
		{9C9C685C-CBF8-428F-8C34-98702FF13726}.DebugcoreQA|.NET.ActiveCfg = Debug|x86
		{9C9C685C-CBF8-428F-8C34-98702FF13726}.DebugcoreQA|Any CPU.ActiveCfg = Debug|x86
		{9C9C685C-CBF8-428F-8C34-98702FF13726}.DebugcoreQA|Mixed Platforms.ActiveCfg = Debug|x86
		{9C9C685C-CBF8-428F-8C34-98702FF13726}.DebugcoreQA|Mixed Platforms.Build.0 = Debug|x86
		{9C9C685C-CBF8-428F-8C34-98702FF13726}.DebugcoreQA|x86.ActiveCfg = Debug|x86
		{9C9C685C-CBF8-428F-8C34-98702FF13726}.DebugcoreQA|x86.Build.0 = Debug|x86
		{9C9C685C-CBF8-428F-8C34-98702FF13726}.Release|.NET.ActiveCfg = Release|x86
		{9C9C685C-CBF8-428F-8C34-98702FF13726}.Release|Any CPU.ActiveCfg = Release|x86
		{9C9C685C-CBF8-428F-8C34-98702FF13726}.Release|Mixed Platforms.ActiveCfg = Release|x86
		{9C9C685C-CBF8-428F-8C34-98702FF13726}.Release|Mixed Platforms.Build.0 = Release|x86
		{9C9C685C-CBF8-428F-8C34-98702FF13726}.Release|x86.ActiveCfg = Release|x86
		{9C9C685C-CBF8-428F-8C34-98702FF13726}.Release|x86.Build.0 = Release|x86
		{E21F8EE1-FA01-465E-B651-A21CC2E1D6AA}.Debug|.NET.ActiveCfg = Debug|x86
		{E21F8EE1-FA01-465E-B651-A21CC2E1D6AA}.Debug|Any CPU.ActiveCfg = Debug|x86
		{E21F8EE1-FA01-465E-B651-A21CC2E1D6AA}.Debug|Mixed Platforms.ActiveCfg = Debug|x86
		{E21F8EE1-FA01-465E-B651-A21CC2E1D6AA}.Debug|Mixed Platforms.Build.0 = Debug|x86
		{E21F8EE1-FA01-465E-B651-A21CC2E1D6AA}.Debug|x86.ActiveCfg = Debug|x86
		{E21F8EE1-FA01-465E-B651-A21CC2E1D6AA}.Debug|x86.Build.0 = Debug|x86
		{E21F8EE1-FA01-465E-B651-A21CC2E1D6AA}.DebugcoreQA|.NET.ActiveCfg = Debug|x86
		{E21F8EE1-FA01-465E-B651-A21CC2E1D6AA}.DebugcoreQA|Any CPU.ActiveCfg = Debug|x86
		{E21F8EE1-FA01-465E-B651-A21CC2E1D6AA}.DebugcoreQA|Mixed Platforms.ActiveCfg = Debug|x86
		{E21F8EE1-FA01-465E-B651-A21CC2E1D6AA}.DebugcoreQA|Mixed Platforms.Build.0 = Debug|x86
		{E21F8EE1-FA01-465E-B651-A21CC2E1D6AA}.DebugcoreQA|x86.ActiveCfg = Debug|x86
		{E21F8EE1-FA01-465E-B651-A21CC2E1D6AA}.DebugcoreQA|x86.Build.0 = Debug|x86
		{E21F8EE1-FA01-465E-B651-A21CC2E1D6AA}.Release|.NET.ActiveCfg = Release|x86
		{E21F8EE1-FA01-465E-B651-A21CC2E1D6AA}.Release|Any CPU.ActiveCfg = Release|x86
		{E21F8EE1-FA01-465E-B651-A21CC2E1D6AA}.Release|Mixed Platforms.ActiveCfg = Release|x86
		{E21F8EE1-FA01-465E-B651-A21CC2E1D6AA}.Release|Mixed Platforms.Build.0 = Release|x86
		{E21F8EE1-FA01-465E-B651-A21CC2E1D6AA}.Release|x86.ActiveCfg = Release|x86
		{E21F8EE1-FA01-465E-B651-A21CC2E1D6AA}.Release|x86.Build.0 = Release|x86
		{C36E2EB0-9715-48BB-81F4-6228C917E071}.Debug|.NET.ActiveCfg = Debug|x86
		{C36E2EB0-9715-48BB-81F4-6228C917E071}.Debug|Any CPU.ActiveCfg = Debug|x86
		{C36E2EB0-9715-48BB-81F4-6228C917E071}.Debug|Mixed Platforms.ActiveCfg = Debug|x86
		{C36E2EB0-9715-48BB-81F4-6228C917E071}.Debug|Mixed Platforms.Build.0 = Debug|x86
		{C36E2EB0-9715-48BB-81F4-6228C917E071}.Debug|x86.ActiveCfg = Debug|x86
		{C36E2EB0-9715-48BB-81F4-6228C917E071}.Debug|x86.Build.0 = Debug|x86
		{C36E2EB0-9715-48BB-81F4-6228C917E071}.DebugcoreQA|.NET.ActiveCfg = Debug|x86
		{C36E2EB0-9715-48BB-81F4-6228C917E071}.DebugcoreQA|Any CPU.ActiveCfg = Debug|x86
		{C36E2EB0-9715-48BB-81F4-6228C917E071}.DebugcoreQA|Mixed Platforms.ActiveCfg = Debug|x86
		{C36E2EB0-9715-48BB-81F4-6228C917E071}.DebugcoreQA|Mixed Platforms.Build.0 = Debug|x86
		{C36E2EB0-9715-48BB-81F4-6228C917E071}.DebugcoreQA|x86.ActiveCfg = Debug|x86
		{C36E2EB0-9715-48BB-81F4-6228C917E071}.DebugcoreQA|x86.Build.0 = Debug|x86
		{C36E2EB0-9715-48BB-81F4-6228C917E071}.Release|.NET.ActiveCfg = Release|x86
		{C36E2EB0-9715-48BB-81F4-6228C917E071}.Release|Any CPU.ActiveCfg = Release|x86
		{C36E2EB0-9715-48BB-81F4-6228C917E071}.Release|Mixed Platforms.ActiveCfg = Release|x86
		{C36E2EB0-9715-48BB-81F4-6228C917E071}.Release|Mixed Platforms.Build.0 = Release|x86
		{C36E2EB0-9715-48BB-81F4-6228C917E071}.Release|x86.ActiveCfg = Release|x86
		{C36E2EB0-9715-48BB-81F4-6228C917E071}.Release|x86.Build.0 = Release|x86
		{C9D05D42-B0FB-47FE-8E00-FBB99AFB3EC3}.Debug|.NET.ActiveCfg = Debug|x86
		{C9D05D42-B0FB-47FE-8E00-FBB99AFB3EC3}.Debug|Any CPU.ActiveCfg = Debug|Any CPU
		{C9D05D42-B0FB-47FE-8E00-FBB99AFB3EC3}.Debug|Any CPU.Build.0 = Debug|Any CPU
		{C9D05D42-B0FB-47FE-8E00-FBB99AFB3EC3}.Debug|Mixed Platforms.ActiveCfg = Debug|x86
		{C9D05D42-B0FB-47FE-8E00-FBB99AFB3EC3}.Debug|Mixed Platforms.Build.0 = Debug|x86
		{C9D05D42-B0FB-47FE-8E00-FBB99AFB3EC3}.Debug|x86.ActiveCfg = Debug|x86
		{C9D05D42-B0FB-47FE-8E00-FBB99AFB3EC3}.Debug|x86.Build.0 = Debug|x86
		{C9D05D42-B0FB-47FE-8E00-FBB99AFB3EC3}.DebugcoreQA|.NET.ActiveCfg = Debug|x86
		{C9D05D42-B0FB-47FE-8E00-FBB99AFB3EC3}.DebugcoreQA|Any CPU.ActiveCfg = Debug|x86
		{C9D05D42-B0FB-47FE-8E00-FBB99AFB3EC3}.DebugcoreQA|Mixed Platforms.ActiveCfg = Debug|x86
		{C9D05D42-B0FB-47FE-8E00-FBB99AFB3EC3}.DebugcoreQA|Mixed Platforms.Build.0 = Debug|x86
		{C9D05D42-B0FB-47FE-8E00-FBB99AFB3EC3}.DebugcoreQA|x86.ActiveCfg = Debug|x86
		{C9D05D42-B0FB-47FE-8E00-FBB99AFB3EC3}.DebugcoreQA|x86.Build.0 = Debug|x86
		{C9D05D42-B0FB-47FE-8E00-FBB99AFB3EC3}.Release|.NET.ActiveCfg = Release|x86
		{C9D05D42-B0FB-47FE-8E00-FBB99AFB3EC3}.Release|Any CPU.ActiveCfg = Release|Any CPU
		{C9D05D42-B0FB-47FE-8E00-FBB99AFB3EC3}.Release|Any CPU.Build.0 = Release|Any CPU
		{C9D05D42-B0FB-47FE-8E00-FBB99AFB3EC3}.Release|Mixed Platforms.ActiveCfg = Release|x86
		{C9D05D42-B0FB-47FE-8E00-FBB99AFB3EC3}.Release|Mixed Platforms.Build.0 = Release|x86
		{C9D05D42-B0FB-47FE-8E00-FBB99AFB3EC3}.Release|x86.ActiveCfg = Release|x86
		{C9D05D42-B0FB-47FE-8E00-FBB99AFB3EC3}.Release|x86.Build.0 = Release|x86
	EndGlobalSection
	GlobalSection(SolutionProperties) = preSolution
		HideSolutionNode = FALSE
	EndGlobalSection
	GlobalSection(NestedProjects) = preSolution
		{65B81F93-929C-4AE5-B4E7-18DA882E1DA5} = {9435E791-9AEF-448C-9003-25D7AE18F4A0}
		{9F72B8F8-BBEE-4AD5-AB6C-E67C0528254E} = {DE5716B2-FBD1-4D1F-AC44-2FCC77128E12}
		{AB9BE17B-FA71-4515-8F9C-86FFF41362EA} = {DE5716B2-FBD1-4D1F-AC44-2FCC77128E12}
		{43A73CF5-A0CC-431F-B626-E88904600162} = {E3C50950-0F48-4A83-9099-551AA7A881AE}
		{433B0483-4990-476C-BA07-FABF884D12CB} = {E3C50950-0F48-4A83-9099-551AA7A881AE}
		{E21F8EE1-FA01-465E-B651-A21CC2E1D6AA} = {E3C50950-0F48-4A83-9099-551AA7A881AE}
		{C36E2EB0-9715-48BB-81F4-6228C917E071} = {E3C50950-0F48-4A83-9099-551AA7A881AE}
		{B0909156-962B-4C97-AB1C-4073E3DA6DC1} = {E6977DF2-D1C3-4AB5-8EAC-D56BF76F6EEE}
		{F03EF01B-1630-428C-B6B5-A7648D1ACE2C} = {E6977DF2-D1C3-4AB5-8EAC-D56BF76F6EEE}
		{1B40F4E4-8DDC-43E0-BE45-959BEE94422F} = {E6977DF2-D1C3-4AB5-8EAC-D56BF76F6EEE}
		{E80F2D42-759F-4B7D-95C6-D04C1500569F} = {E6977DF2-D1C3-4AB5-8EAC-D56BF76F6EEE}
		{BD540C48-90C7-4929-807A-2FC913948BE8} = {E6977DF2-D1C3-4AB5-8EAC-D56BF76F6EEE}
		{15E6CE39-F476-4ACD-B73D-BFCAAE218CB2} = {E6977DF2-D1C3-4AB5-8EAC-D56BF76F6EEE}
		{7D9556DF-CB87-458A-B66B-F5DD5B7C384E} = {E6977DF2-D1C3-4AB5-8EAC-D56BF76F6EEE}
		{BC2DC75E-9076-45AE-B592-7EBE2AB11BA7} = {E6977DF2-D1C3-4AB5-8EAC-D56BF76F6EEE}
		{C4914DDD-93C8-475F-B5DB-1CDB6C8ECA17} = {8A53BEBA-F1E9-4653-BE3E-7E130812087E}
		{42857A3C-817A-4E05-8DEA-E78385BFE2DA} = {8A53BEBA-F1E9-4653-BE3E-7E130812087E}
		{DABA4CDB-2CD3-466C-AD17-F24685BDE517} = {8A53BEBA-F1E9-4653-BE3E-7E130812087E}
		{151A8A2D-445D-40EF-A2F0-7CCD4CB57F79} = {8A53BEBA-F1E9-4653-BE3E-7E130812087E}
		{E6F85B9C-27EB-4261-A723-52C7A0483493} = {F36E0B7A-D401-40AC-AAEB-EC9B19077296}
		{BFC88ECC-C3C1-4736-95D6-B772441CCF4A} = {F36E0B7A-D401-40AC-AAEB-EC9B19077296}
		{9C9C685C-CBF8-428F-8C34-98702FF13726} = {9900F7CA-927A-4F12-BD99-30EA0177F2A5}
		{C9D05D42-B0FB-47FE-8E00-FBB99AFB3EC3} = {9900F7CA-927A-4F12-BD99-30EA0177F2A5}
	EndGlobalSection
	GlobalSection(DPCodeReviewSolutionGUID) = preSolution
		DPCodeReviewSolutionGUID = {00000000-0000-0000-0000-000000000000}
	EndGlobalSection
EndGlobal
