Microsoft Visual Studio Solution File, Format Version 7.00
Project("{8BC9CEB9-8B4A-11D0-8D11-00A0C91BC942}") = "AddProductView.exe", "C:\mt\build\debug\bin\AddProductView.exe", "{370B0236-1A5F-4844-9D75-76FE406B4FD4}"
EndProject
Global
	GlobalSection(SolutionConfiguration) = preSolution
		ConfigName.0 = Debug
	EndGlobalSection
	GlobalSection(ProjectDependencies) = postSolution
	EndGlobalSection
	GlobalSection(ProjectConfiguration) = postSolution
		{370B0236-1A5F-4844-9D75-76FE406B4FD4}.Debug.ActiveCfg = Debug
	EndGlobalSection
	GlobalSection(ExtensibilityGlobals) = postSolution
	EndGlobalSection
	GlobalSection(ExtensibilityAddIns) = postSolution
	EndGlobalSection
EndGlobal
