
Microsoft Visual Studio Solution File, Format Version 11.00
# Visual Studio 2010
Project("{FAE04EC0-301F-11D3-BF4B-00C04F79EFBC}") = "Configuration", "Configuration\Configuration.csproj", "{D23E490F-B2F3-4DE1-8490-EF01E0E59272}"
EndProject
Project("{FAE04EC0-301F-11D3-BF4B-00C04F79EFBC}") = "Messages", "Messages\Messages.csproj", "{7A8389C6-9915-4135-82B3-03B2AB1C8A87}"
EndProject
Project("{FAE04EC0-301F-11D3-BF4B-00C04F79EFBC}") = "SampleAmpRequesterNode", "SampleAmpRequesterNode\SampleAmpRequesterNode.csproj", "{81FB67C2-6AB7-4C0B-B34A-D51F68346EAB}"
EndProject
Project("{FAE04EC0-301F-11D3-BF4B-00C04F79EFBC}") = "SampleProcessorNode", "SampleProcessorNode\SampleProcessorNode.csproj", "{A73C6CA8-845D-4252-BF7F-71B2BEF5BBD2}"
EndProject
Project("{FAE04EC0-301F-11D3-BF4B-00C04F79EFBC}") = "MonitorQueues", "MonitorQueues\MonitorQueues.csproj", "{02A658C2-F704-4B19-A990-9285DD197825}"
EndProject
Global
	GlobalSection(SolutionConfigurationPlatforms) = preSolution
		Debug|Any CPU = Debug|Any CPU
		Debug|Mixed Platforms = Debug|Mixed Platforms
		Debug|x86 = Debug|x86
		Release|Any CPU = Release|Any CPU
		Release|Mixed Platforms = Release|Mixed Platforms
		Release|x86 = Release|x86
	EndGlobalSection
	GlobalSection(ProjectConfigurationPlatforms) = postSolution
		{D23E490F-B2F3-4DE1-8490-EF01E0E59272}.Debug|Any CPU.ActiveCfg = Debug|Any CPU
		{D23E490F-B2F3-4DE1-8490-EF01E0E59272}.Debug|Any CPU.Build.0 = Debug|Any CPU
		{D23E490F-B2F3-4DE1-8490-EF01E0E59272}.Debug|Mixed Platforms.ActiveCfg = Debug|Any CPU
		{D23E490F-B2F3-4DE1-8490-EF01E0E59272}.Debug|Mixed Platforms.Build.0 = Debug|Any CPU
		{D23E490F-B2F3-4DE1-8490-EF01E0E59272}.Debug|x86.ActiveCfg = Debug|Any CPU
		{D23E490F-B2F3-4DE1-8490-EF01E0E59272}.Release|Any CPU.ActiveCfg = Release|Any CPU
		{D23E490F-B2F3-4DE1-8490-EF01E0E59272}.Release|Any CPU.Build.0 = Release|Any CPU
		{D23E490F-B2F3-4DE1-8490-EF01E0E59272}.Release|Mixed Platforms.ActiveCfg = Release|Any CPU
		{D23E490F-B2F3-4DE1-8490-EF01E0E59272}.Release|Mixed Platforms.Build.0 = Release|Any CPU
		{D23E490F-B2F3-4DE1-8490-EF01E0E59272}.Release|x86.ActiveCfg = Release|Any CPU
		{7A8389C6-9915-4135-82B3-03B2AB1C8A87}.Debug|Any CPU.ActiveCfg = Debug|Any CPU
		{7A8389C6-9915-4135-82B3-03B2AB1C8A87}.Debug|Any CPU.Build.0 = Debug|Any CPU
		{7A8389C6-9915-4135-82B3-03B2AB1C8A87}.Debug|Mixed Platforms.ActiveCfg = Debug|Any CPU
		{7A8389C6-9915-4135-82B3-03B2AB1C8A87}.Debug|Mixed Platforms.Build.0 = Debug|Any CPU
		{7A8389C6-9915-4135-82B3-03B2AB1C8A87}.Debug|x86.ActiveCfg = Debug|Any CPU
		{7A8389C6-9915-4135-82B3-03B2AB1C8A87}.Release|Any CPU.ActiveCfg = Release|Any CPU
		{7A8389C6-9915-4135-82B3-03B2AB1C8A87}.Release|Any CPU.Build.0 = Release|Any CPU
		{7A8389C6-9915-4135-82B3-03B2AB1C8A87}.Release|Mixed Platforms.ActiveCfg = Release|Any CPU
		{7A8389C6-9915-4135-82B3-03B2AB1C8A87}.Release|Mixed Platforms.Build.0 = Release|Any CPU
		{7A8389C6-9915-4135-82B3-03B2AB1C8A87}.Release|x86.ActiveCfg = Release|Any CPU
		{81FB67C2-6AB7-4C0B-B34A-D51F68346EAB}.Debug|Any CPU.ActiveCfg = Debug|x86
		{81FB67C2-6AB7-4C0B-B34A-D51F68346EAB}.Debug|Mixed Platforms.ActiveCfg = Debug|x86
		{81FB67C2-6AB7-4C0B-B34A-D51F68346EAB}.Debug|Mixed Platforms.Build.0 = Debug|x86
		{81FB67C2-6AB7-4C0B-B34A-D51F68346EAB}.Debug|x86.ActiveCfg = Debug|x86
		{81FB67C2-6AB7-4C0B-B34A-D51F68346EAB}.Debug|x86.Build.0 = Debug|x86
		{81FB67C2-6AB7-4C0B-B34A-D51F68346EAB}.Release|Any CPU.ActiveCfg = Release|x86
		{81FB67C2-6AB7-4C0B-B34A-D51F68346EAB}.Release|Mixed Platforms.ActiveCfg = Release|x86
		{81FB67C2-6AB7-4C0B-B34A-D51F68346EAB}.Release|Mixed Platforms.Build.0 = Release|x86
		{81FB67C2-6AB7-4C0B-B34A-D51F68346EAB}.Release|x86.ActiveCfg = Release|x86
		{81FB67C2-6AB7-4C0B-B34A-D51F68346EAB}.Release|x86.Build.0 = Release|x86
		{A73C6CA8-845D-4252-BF7F-71B2BEF5BBD2}.Debug|Any CPU.ActiveCfg = Debug|x86
		{A73C6CA8-845D-4252-BF7F-71B2BEF5BBD2}.Debug|Mixed Platforms.ActiveCfg = Debug|x86
		{A73C6CA8-845D-4252-BF7F-71B2BEF5BBD2}.Debug|Mixed Platforms.Build.0 = Debug|x86
		{A73C6CA8-845D-4252-BF7F-71B2BEF5BBD2}.Debug|x86.ActiveCfg = Debug|x86
		{A73C6CA8-845D-4252-BF7F-71B2BEF5BBD2}.Debug|x86.Build.0 = Debug|x86
		{A73C6CA8-845D-4252-BF7F-71B2BEF5BBD2}.Release|Any CPU.ActiveCfg = Release|x86
		{A73C6CA8-845D-4252-BF7F-71B2BEF5BBD2}.Release|Mixed Platforms.ActiveCfg = Release|x86
		{A73C6CA8-845D-4252-BF7F-71B2BEF5BBD2}.Release|Mixed Platforms.Build.0 = Release|x86
		{A73C6CA8-845D-4252-BF7F-71B2BEF5BBD2}.Release|x86.ActiveCfg = Release|x86
		{A73C6CA8-845D-4252-BF7F-71B2BEF5BBD2}.Release|x86.Build.0 = Release|x86
		{02A658C2-F704-4B19-A990-9285DD197825}.Debug|Any CPU.ActiveCfg = Debug|x86
		{02A658C2-F704-4B19-A990-9285DD197825}.Debug|Mixed Platforms.ActiveCfg = Debug|x86
		{02A658C2-F704-4B19-A990-9285DD197825}.Debug|Mixed Platforms.Build.0 = Debug|x86
		{02A658C2-F704-4B19-A990-9285DD197825}.Debug|x86.ActiveCfg = Debug|x86
		{02A658C2-F704-4B19-A990-9285DD197825}.Debug|x86.Build.0 = Debug|x86
		{02A658C2-F704-4B19-A990-9285DD197825}.Release|Any CPU.ActiveCfg = Release|x86
		{02A658C2-F704-4B19-A990-9285DD197825}.Release|Mixed Platforms.ActiveCfg = Release|x86
		{02A658C2-F704-4B19-A990-9285DD197825}.Release|Mixed Platforms.Build.0 = Release|x86
		{02A658C2-F704-4B19-A990-9285DD197825}.Release|x86.ActiveCfg = Release|x86
		{02A658C2-F704-4B19-A990-9285DD197825}.Release|x86.Build.0 = Release|x86
	EndGlobalSection
	GlobalSection(SolutionProperties) = preSolution
		HideSolutionNode = FALSE
	EndGlobalSection
EndGlobal
