Microsoft Visual Studio Solution File, Format Version 11.00
# Visual Studio 2010
Project("{FAE04EC0-301F-11D3-BF4B-00C04F79EFBC}") = "MetraTech.DataExportFramework.Components.DataExporter", "MetraTech.DataExportFramework.Components.DataExporter.csproj", "{84C68104-F403-4D50-9083-6634258B1C32}"
EndProject
Project("{FAE04EC0-301F-11D3-BF4B-00C04F79EFBC}") = "MetraTech.Common", "..\..\..\MetraTech.Common.csproj", "{F03EF01B-1630-428C-B6B5-A7648D1ACE2C}"
EndProject
Project("{FAE04EC0-301F-11D3-BF4B-00C04F79EFBC}") = "MetraTech.DataAccess", "..\..\..\DataAccess\MetraTech.DataAccess.csproj", "{1B40F4E4-8DDC-43E0-BE45-959BEE94422F}"
EndProject
Project("{FAE04EC0-301F-11D3-BF4B-00C04F79EFBC}") = "MetraTech.Security.Crypto", "..\..\..\Security\Crypto\MetraTech.Security.Crypto.csproj", "{3EE96BFD-837B-4FD1-A33D-69DFAA0D22CF}"
EndProject
Project("{FAE04EC0-301F-11D3-BF4B-00C04F79EFBC}") = "MetraTech.Xml", "..\..\..\Xml\MetraTech.Xml.csproj", "{7D9556DF-CB87-458A-B66B-F5DD5B7C384E}"
EndProject
Global
	GlobalSection(SolutionConfigurationPlatforms) = preSolution
		Debug|Any CPU = Debug|Any CPU
		Debug|x86 = Debug|x86
		Release|Any CPU = Release|Any CPU
		Release|x86 = Release|x86
	EndGlobalSection
	GlobalSection(ProjectConfigurationPlatforms) = postSolution
		{84C68104-F403-4D50-9083-6634258B1C32}.Debug|Any CPU.ActiveCfg = Debug|Any CPU
		{84C68104-F403-4D50-9083-6634258B1C32}.Debug|Any CPU.Build.0 = Debug|Any CPU
		{84C68104-F403-4D50-9083-6634258B1C32}.Debug|x86.ActiveCfg = Debug|x86
		{84C68104-F403-4D50-9083-6634258B1C32}.Debug|x86.Build.0 = Debug|x86
		{84C68104-F403-4D50-9083-6634258B1C32}.Release|Any CPU.ActiveCfg = Release|Any CPU
		{84C68104-F403-4D50-9083-6634258B1C32}.Release|Any CPU.Build.0 = Release|Any CPU
		{84C68104-F403-4D50-9083-6634258B1C32}.Release|x86.ActiveCfg = Release|x86
		{84C68104-F403-4D50-9083-6634258B1C32}.Release|x86.Build.0 = Release|x86
		{F03EF01B-1630-428C-B6B5-A7648D1ACE2C}.Debug|Any CPU.ActiveCfg = Debug|x86
		{F03EF01B-1630-428C-B6B5-A7648D1ACE2C}.Debug|x86.ActiveCfg = Debug|x86
		{F03EF01B-1630-428C-B6B5-A7648D1ACE2C}.Debug|x86.Build.0 = Debug|x86
		{F03EF01B-1630-428C-B6B5-A7648D1ACE2C}.Release|Any CPU.ActiveCfg = Release|x86
		{F03EF01B-1630-428C-B6B5-A7648D1ACE2C}.Release|x86.ActiveCfg = Release|x86
		{F03EF01B-1630-428C-B6B5-A7648D1ACE2C}.Release|x86.Build.0 = Release|x86
		{1B40F4E4-8DDC-43E0-BE45-959BEE94422F}.Debug|Any CPU.ActiveCfg = Debug|x86
		{1B40F4E4-8DDC-43E0-BE45-959BEE94422F}.Debug|x86.ActiveCfg = Debug|x86
		{1B40F4E4-8DDC-43E0-BE45-959BEE94422F}.Debug|x86.Build.0 = Debug|x86
		{1B40F4E4-8DDC-43E0-BE45-959BEE94422F}.Release|Any CPU.ActiveCfg = Release|x86
		{1B40F4E4-8DDC-43E0-BE45-959BEE94422F}.Release|x86.ActiveCfg = Release|x86
		{1B40F4E4-8DDC-43E0-BE45-959BEE94422F}.Release|x86.Build.0 = Release|x86
		{3EE96BFD-837B-4FD1-A33D-69DFAA0D22CF}.Debug|Any CPU.ActiveCfg = Debug|x86
		{3EE96BFD-837B-4FD1-A33D-69DFAA0D22CF}.Debug|x86.ActiveCfg = Debug|x86
		{3EE96BFD-837B-4FD1-A33D-69DFAA0D22CF}.Debug|x86.Build.0 = Debug|x86
		{3EE96BFD-837B-4FD1-A33D-69DFAA0D22CF}.Release|Any CPU.ActiveCfg = Release|x86
		{3EE96BFD-837B-4FD1-A33D-69DFAA0D22CF}.Release|x86.ActiveCfg = Release|x86
		{3EE96BFD-837B-4FD1-A33D-69DFAA0D22CF}.Release|x86.Build.0 = Release|x86
		{7D9556DF-CB87-458A-B66B-F5DD5B7C384E}.Debug|Any CPU.ActiveCfg = Debug|x86
		{7D9556DF-CB87-458A-B66B-F5DD5B7C384E}.Debug|x86.ActiveCfg = Debug|x86
		{7D9556DF-CB87-458A-B66B-F5DD5B7C384E}.Debug|x86.Build.0 = Debug|x86
		{7D9556DF-CB87-458A-B66B-F5DD5B7C384E}.Release|Any CPU.ActiveCfg = Release|x86
		{7D9556DF-CB87-458A-B66B-F5DD5B7C384E}.Release|x86.ActiveCfg = Release|x86
		{7D9556DF-CB87-458A-B66B-F5DD5B7C384E}.Release|x86.Build.0 = Release|x86
	EndGlobalSection
	GlobalSection(SolutionProperties) = preSolution
		HideSolutionNode = FALSE
	EndGlobalSection
EndGlobal
