
Microsoft Visual Studio Solution File, Format Version 11.00
# Visual Studio 2010
Project("{FAE04EC0-301F-11D3-BF4B-00C04F79EFBC}") = "MetraTech.Core.Services.UnitTests", "MetraTech.Core.Services.UnitTests.csproj", "{24DB3503-1249-4E5C-9824-4DDF1AE4E443}"
EndProject
Project("{FAE04EC0-301F-11D3-BF4B-00C04F79EFBC}") = "MetraTech.UI.Test.Selenium", "..\..\UI\Selenium\MetraTech.UI.Test.Selenium.csproj", "{E9B94ECD-8A20-4852-B77B-F214CC523D51}"
EndProject
Project("{2150E333-8FDC-42A3-9474-1A3956D46DE8}") = "Solution Items", "Solution Items", "{1BABC14C-8317-4041-BB85-E3D9871987DB}"
	ProjectSection(SolutionItems) = preProject
		MetraTech.Core.Services.UnitTests.vsmdi = MetraTech.Core.Services.UnitTests.vsmdi
		TestSettings1.testsettings = TestSettings1.testsettings
	EndProjectSection
EndProject
Global
	GlobalSection(TestCaseManagementSettings) = postSolution
		CategoryFile = MetraTech.Core.Services.UnitTests.vsmdi
	EndGlobalSection
	GlobalSection(SolutionConfigurationPlatforms) = preSolution
		Debug|x86 = Debug|x86
		Release|x86 = Release|x86
	EndGlobalSection
	GlobalSection(ProjectConfigurationPlatforms) = postSolution
		{24DB3503-1249-4E5C-9824-4DDF1AE4E443}.Debug|x86.ActiveCfg = Debug|x86
		{24DB3503-1249-4E5C-9824-4DDF1AE4E443}.Debug|x86.Build.0 = Debug|x86
		{24DB3503-1249-4E5C-9824-4DDF1AE4E443}.Release|x86.ActiveCfg = Release|x86
		{24DB3503-1249-4E5C-9824-4DDF1AE4E443}.Release|x86.Build.0 = Release|x86
		{E9B94ECD-8A20-4852-B77B-F214CC523D51}.Debug|x86.ActiveCfg = Debug|x86
		{E9B94ECD-8A20-4852-B77B-F214CC523D51}.Debug|x86.Build.0 = Debug|x86
		{E9B94ECD-8A20-4852-B77B-F214CC523D51}.Release|x86.ActiveCfg = Release|x86
		{E9B94ECD-8A20-4852-B77B-F214CC523D51}.Release|x86.Build.0 = Release|x86
	EndGlobalSection
	GlobalSection(SolutionProperties) = preSolution
		HideSolutionNode = FALSE
	EndGlobalSection
EndGlobal
