Microsoft Visual Studio Solution File, Format Version 7.00
Project("{FAE04EC0-301F-11D3-BF4B-00C04F79EFBC}") = "CubePrototype", "CubePrototype.csproj", "{209952D0-E4A0-4F49-A76E-9B33F65B8A95}"
EndProject
Global
	GlobalSection(SolutionConfiguration) = preSolution
		ConfigName.0 = Debug
		ConfigName.1 = Release
	EndGlobalSection
	GlobalSection(ProjectDependencies) = postSolution
	EndGlobalSection
	GlobalSection(ProjectConfiguration) = postSolution
		{209952D0-E4A0-4F49-A76E-9B33F65B8A95}.Debug.ActiveCfg = Debug|.NET
		{209952D0-E4A0-4F49-A76E-9B33F65B8A95}.Debug.Build.0 = Debug|.NET
		{209952D0-E4A0-4F49-A76E-9B33F65B8A95}.Release.ActiveCfg = Release|.NET
		{209952D0-E4A0-4F49-A76E-9B33F65B8A95}.Release.Build.0 = Release|.NET
	EndGlobalSection
	GlobalSection(ExtensibilityGlobals) = postSolution
	EndGlobalSection
	GlobalSection(ExtensibilityAddIns) = postSolution
	EndGlobalSection
EndGlobal
