Microsoft Visual Studio Solution File, Format Version 7.00
Project("{FAE04EC0-301F-11D3-BF4B-00C04F79EFBC}") = "InstallCheck", "InstallCheck.csproj", "{51238146-A077-4A08-B3B9-942CF05D9F2F}"
EndProject
Global
	GlobalSection(SolutionConfiguration) = preSolution
		ConfigName.0 = Debug
		ConfigName.1 = Release
	EndGlobalSection
	GlobalSection(ProjectDependencies) = postSolution
	EndGlobalSection
	GlobalSection(ProjectConfiguration) = postSolution
		{51238146-A077-4A08-B3B9-942CF05D9F2F}.Debug.ActiveCfg = Debug|.NET
		{51238146-A077-4A08-B3B9-942CF05D9F2F}.Debug.Build.0 = Debug|.NET
		{51238146-A077-4A08-B3B9-942CF05D9F2F}.Release.ActiveCfg = Release|.NET
		{51238146-A077-4A08-B3B9-942CF05D9F2F}.Release.Build.0 = Release|.NET
	EndGlobalSection
	GlobalSection(ExtensibilityGlobals) = postSolution
	EndGlobalSection
	GlobalSection(ExtensibilityAddIns) = postSolution
	EndGlobalSection
EndGlobal
