<?xml version="1.0" encoding="utf-8"?>
<Project ToolsVersion="4.0" xmlns="http://schemas.microsoft.com/developer/msbuild/2003">
  <ItemGroup>
    <Filter Include="Source Files">
      <UniqueIdentifier>{f96c6cfd-851d-49d9-9206-3c7e33915b54}</UniqueIdentifier>
    </Filter>
    <Filter Include="Generated Files">
      <UniqueIdentifier>{5a83995e-1729-430b-a503-053894bea394}</UniqueIdentifier>
      <SourceControlFiles>False</SourceControlFiles>
    </Filter>
  </ItemGroup>
  <ItemGroup>
    <None Include="VertexATLWrapperps.def" />
  </ItemGroup>
  <ItemGroup>
    <ClCompile Include="VertexATLWrapper_i.c">
      <Filter>Generated Files</Filter>
    </ClCompile>
    <ClCompile Include="VertexATLWrapper_p.c">
      <Filter>Generated Files</Filter>
    </ClCompile>
    <ClCompile Include="dlldata.c">
      <Filter>Generated Files</Filter>
    </ClCompile>
  </ItemGroup>
</Project>